
Microsoft Visual Studio Solution File, Format Version 12.00
# Visual Studio Version 17
VisualStudioVersion = 17.9.34714.143
MinimumVisualStudioVersion = 10.0.40219.1
Project("{FAE04EC0-301F-11D3-BF4B-00C04F79EFBC}") = "ProductsService", "ProductsService\ProductsService.csproj", "{280ED8B8-84BF-41B6-BFE3-FC8F8C79FC9A}"
EndProject
Global
	GlobalSection(SolutionConfigurationPlatforms) = preSolution
		Debug|Any CPU = Debug|Any CPU
		Release|Any CPU = Release|Any CPU
	EndGlobalSection
	GlobalSection(ProjectConfigurationPlatforms) = postSolution
		{280ED8B8-84BF-41B6-BFE3-FC8F8C79FC9A}.Debug|Any CPU.ActiveCfg = Debug|Any CPU
		{280ED8B8-84BF-41B6-BFE3-FC8F8C79FC9A}.Debug|Any CPU.Build.0 = Debug|Any CPU
		{280ED8B8-84BF-41B6-BFE3-FC8F8C79FC9A}.Release|Any CPU.ActiveCfg = Release|Any CPU
		{280ED8B8-84BF-41B6-BFE3-FC8F8C79FC9A}.Release|Any CPU.Build.0 = Release|Any CPU
	EndGlobalSection
	GlobalSection(SolutionProperties) = preSolution
		HideSolutionNode = FALSE
	EndGlobalSection
	GlobalSection(ExtensibilityGlobals) = postSolution
		SolutionGuid = {38418710-1420-4F13-9C3B-5588A78F7222}
	EndGlobalSection
EndGlobal
